
Microsoft Visual Studio Solution File, Format Version 12.00
# Visual Studio 15
VisualStudioVersion = 15.0.27428.2005
MinimumVisualStudioVersion = 10.0.40219.1
Project("{FAE04EC0-301F-11D3-BF4B-00C04F79EFBC}") = "Frigo", "Frigo\Frigo.csproj", "{3EAEBF12-1489-4FC7-890E-6AE03AE9F950}"
EndProject
Global
	GlobalSection(SolutionConfigurationPlatforms) = preSolution
		Debug|Any CPU = Debug|Any CPU
		Release|Any CPU = Release|Any CPU
	EndGlobalSection
	GlobalSection(ProjectConfigurationPlatforms) = postSolution
		{3EAEBF12-1489-4FC7-890E-6AE03AE9F950}.Debug|Any CPU.ActiveCfg = Debug|Any CPU
		{3EAEBF12-1489-4FC7-890E-6AE03AE9F950}.Debug|Any CPU.Build.0 = Debug|Any CPU
		{3EAEBF12-1489-4FC7-890E-6AE03AE9F950}.Release|Any CPU.ActiveCfg = Release|Any CPU
		{3EAEBF12-1489-4FC7-890E-6AE03AE9F950}.Release|Any CPU.Build.0 = Release|Any CPU
	EndGlobalSection
	GlobalSection(SolutionProperties) = preSolution
		HideSolutionNode = FALSE
	EndGlobalSection
	GlobalSection(ExtensibilityGlobals) = postSolution
		SolutionGuid = {DBAF09E6-26A8-45CD-95AC-0E03C65668A2}
	EndGlobalSection
EndGlobal
